
Microsoft Visual Studio Solution File, Format Version 12.00
# Visual Studio Version 17
VisualStudioVersion = 17.0.31912.275
MinimumVisualStudioVersion = 10.0.40219.1
Project("{FAE04EC0-301F-11D3-BF4B-00C04F79EFBC}") = "HackerNewsNBestStories", "HackerNewsNBestStories\HackerNewsNBestStories.csproj", "{94D978E7-34E6-4144-9467-8FE14186F0EC}"
EndProject
Project("{FAE04EC0-301F-11D3-BF4B-00C04F79EFBC}") = "HackerNewsNBestStoriesTests", "HackerNewsNBestStoriesTests\HackerNewsNBestStoriesTests.csproj", "{C9117204-B62B-40AB-A1DF-04DC5D68C7F4}"
EndProject
Global
	GlobalSection(SolutionConfigurationPlatforms) = preSolution
		Debug|Any CPU = Debug|Any CPU
		Release|Any CPU = Release|Any CPU
	EndGlobalSection
	GlobalSection(ProjectConfigurationPlatforms) = postSolution
		{94D978E7-34E6-4144-9467-8FE14186F0EC}.Debug|Any CPU.ActiveCfg = Debug|Any CPU
		{94D978E7-34E6-4144-9467-8FE14186F0EC}.Debug|Any CPU.Build.0 = Debug|Any CPU
		{94D978E7-34E6-4144-9467-8FE14186F0EC}.Release|Any CPU.ActiveCfg = Release|Any CPU
		{94D978E7-34E6-4144-9467-8FE14186F0EC}.Release|Any CPU.Build.0 = Release|Any CPU
		{C9117204-B62B-40AB-A1DF-04DC5D68C7F4}.Debug|Any CPU.ActiveCfg = Debug|Any CPU
		{C9117204-B62B-40AB-A1DF-04DC5D68C7F4}.Debug|Any CPU.Build.0 = Debug|Any CPU
		{C9117204-B62B-40AB-A1DF-04DC5D68C7F4}.Release|Any CPU.ActiveCfg = Release|Any CPU
		{C9117204-B62B-40AB-A1DF-04DC5D68C7F4}.Release|Any CPU.Build.0 = Release|Any CPU
	EndGlobalSection
	GlobalSection(SolutionProperties) = preSolution
		HideSolutionNode = FALSE
	EndGlobalSection
	GlobalSection(ExtensibilityGlobals) = postSolution
		SolutionGuid = {25856EF4-307C-42F7-8E86-19D6CAF44C14}
	EndGlobalSection
EndGlobal
